schema: '2.0'
stages:
  validate:
    cmd: python src/validation.py
    deps:
    - path: expectations/winequality-data-validation.yaml
      hash: md5
      md5: a7b99c5c1bb667de289b52daadc0bd48
      size: 1807
    - path: src/validation.py
      hash: md5
      md5: 18169c19af1bd56e5cbceac9bac1afbd
      size: 2175
  training:
    cmd: python src/training.py
    deps:
    - path: src/training.py
      hash: md5
      md5: 3e4b8bc9671eb0020e40af6f202430dc
      size: 1034
    - path: temp/test.pkl
      hash: md5
      md5: 32d4698e7361532bead95d519c71b5b9
      size: 42481
    - path: temp/train.pkl
      hash: md5
      md5: e7ff6818bac41abbae96c24f84281efa
      size: 125586
    params:
      params.yaml:
        train.alpha: 0.4
        train.l1_ratio: 0.6
        train.seed: 42
    outs:
    - path: output/model.pkl
      hash: md5
      md5: f406e5aedc0f8fb4ae6681536f7c194a
      size: 912
  split:
    cmd: python src/split.py
    deps:
    - path: data/winequality-red.csv
      hash: md5
      md5: 2daeecee174368f8a33b82c8cccae3a5
      size: 84199
    - path: src/split.py
      hash: md5
      md5: 72e7d40f8b3f3d906919b61369324b26
      size: 1081
    params:
      params.yaml:
        pipeline.host: 127.0.0.1
        pipeline.name: DVC pipeline
        pipeline.port: 5000
        split.seed: 42
        split.test_size: 0.25
    outs:
    - path: temp/test.pkl
      hash: md5
      md5: 32d4698e7361532bead95d519c71b5b9
      size: 42481
    - path: temp/train.pkl
      hash: md5
      md5: e7ff6818bac41abbae96c24f84281efa
      size: 125586
  evaluate:
    cmd: python src/evaluate.py
    deps:
    - path: output/model.pkl
      hash: md5
      md5: f406e5aedc0f8fb4ae6681536f7c194a
      size: 912
    - path: src/evaluate.py
      hash: md5
      md5: 491685587f30ee117f88d234e5101381
      size: 1164
    - path: temp/test.pkl
      hash: md5
      md5: 32d4698e7361532bead95d519c71b5b9
      size: 42481
    - path: temp/train.pkl
      hash: md5
      md5: e7ff6818bac41abbae96c24f84281efa
      size: 125586
